
Microsoft Visual Studio Solution File, Format Version 12.00
# Visual Studio 15
VisualStudioVersion = 15.0.28307.1062
MinimumVisualStudioVersion = 10.0.40219.1
Project("{FAE04EC0-301F-11D3-BF4B-00C04F79EFBC}") = "Zadanie2", "Zadanie2\Zadanie2.csproj", "{807CDECC-370C-4736-AC65-9D94FDA5164C}"
EndProject
Global
	GlobalSection(SolutionConfigurationPlatforms) = preSolution
		Debug|Any CPU = Debug|Any CPU
		Release|Any CPU = Release|Any CPU
	EndGlobalSection
	GlobalSection(ProjectConfigurationPlatforms) = postSolution
		{807CDECC-370C-4736-AC65-9D94FDA5164C}.Debug|Any CPU.ActiveCfg = Debug|Any CPU
		{807CDECC-370C-4736-AC65-9D94FDA5164C}.Debug|Any CPU.Build.0 = Debug|Any CPU
		{807CDECC-370C-4736-AC65-9D94FDA5164C}.Release|Any CPU.ActiveCfg = Release|Any CPU
		{807CDECC-370C-4736-AC65-9D94FDA5164C}.Release|Any CPU.Build.0 = Release|Any CPU
	EndGlobalSection
	GlobalSection(SolutionProperties) = preSolution
		HideSolutionNode = FALSE
	EndGlobalSection
	GlobalSection(ExtensibilityGlobals) = postSolution
		SolutionGuid = {D499AAFC-F148-46C7-A1FF-3A3C27E95D76}
	EndGlobalSection
EndGlobal
